
Microsoft Visual Studio Solution File, Format Version 12.00
# Visual Studio Version 16
VisualStudioVersion = 16.0.29001.49
MinimumVisualStudioVersion = 10.0.40219.1
Project("{FAE04EC0-301F-11D3-BF4B-00C04F79EFBC}") = "Listas", "Listas\Listas.csproj", "{86533BFE-A0F8-4374-868B-368606D65498}"
EndProject
Global
	GlobalSection(SolutionConfigurationPlatforms) = preSolution
		Debug|Any CPU = Debug|Any CPU
		Release|Any CPU = Release|Any CPU
	EndGlobalSection
	GlobalSection(ProjectConfigurationPlatforms) = postSolution
		{86533BFE-A0F8-4374-868B-368606D65498}.Debug|Any CPU.ActiveCfg = Debug|Any CPU
		{86533BFE-A0F8-4374-868B-368606D65498}.Debug|Any CPU.Build.0 = Debug|Any CPU
		{86533BFE-A0F8-4374-868B-368606D65498}.Release|Any CPU.ActiveCfg = Release|Any CPU
		{86533BFE-A0F8-4374-868B-368606D65498}.Release|Any CPU.Build.0 = Release|Any CPU
	EndGlobalSection
	GlobalSection(SolutionProperties) = preSolution
		HideSolutionNode = FALSE
	EndGlobalSection
	GlobalSection(ExtensibilityGlobals) = postSolution
		SolutionGuid = {38FDBC8B-05EB-4F7A-80AD-FCA98C5AFE40}
	EndGlobalSection
EndGlobal
